{
  "name": "NMTC",
  "lockfileVersion": 3,
  "requires": true,
  "packages": {
    "": {
      "dependencies": {
        "base-64": "^1.0.0"
      },
      "devDependencies": {
        "@types/base-64": "^1.0.2"
      }
    },
    "node_modules/@types/base-64": {
      "version": "1.0.2",
      "resolved": "https://registry.npmjs.org/@types/base-64/-/base-64-1.0.2.tgz",
      "integrity": "sha512-uPgKMmM9fmn7I+Zi6YBqctOye4SlJsHKcisjHIMWpb2YKZRc36GpKyNuQ03JcT+oNXg1m7Uv4wU94EVltn8/cw==",
      "dev": true,
      "license": "MIT"
    },
    "node_modules/base-64": {
      "version": "1.0.0",
      "license": "MIT"
    }
  }
}
